// !$*UTF8*$!
{
	archiveVersion = 1;
	classes = {
	};
	objectVersion = 51;
	objects = {

/* Begin PBXBuildFile section */
		09B526F47D2C7246A3B6DC8E /* Pods_MarkingItus.framework in Frameworks */ = {isa = PBXBuildFile; fileRef = EE45D8F10CF3A7970A2E5FA1 /* Pods_MarkingItus.framework */; };
		CFB6D3EB237470A3005B3C9F /* AppDelegate.swift in Sources */ = {isa = PBXBuildFile; fileRef = CFB6D3EA237470A3005B3C9F /* AppDelegate.swift */; };
		CFB6D3ED237470A3005B3C9F /* SceneDelegate.swift in Sources */ = {isa = PBXBuildFile; fileRef = CFB6D3EC237470A3005B3C9F /* SceneDelegate.swift */; };
		CFB6D3EF237470A3005B3C9F /* ViewController.swift in Sources */ = {isa = PBXBuildFile; fileRef = CFB6D3EE237470A3005B3C9F /* ViewController.swift */; };
		CFB6D3F2237470A3005B3C9F /* Main.storyboard in Resources */ = {isa = PBXBuildFile; fileRef = CFB6D3F0237470A3005B3C9F /* Main.storyboard */; };
		CFB6D3F4237470AB005B3C9F /* Assets.xcassets in Resources */ = {isa = PBXBuildFile; fileRef = CFB6D3F3237470AB005B3C9F /* Assets.xcassets */; };
		CFB6D3F7237470AB005B3C9F /* LaunchScreen.storyboard in Resources */ = {isa = PBXBuildFile; fileRef = CFB6D3F5237470AB005B3C9F /* LaunchScreen.storyboard */; };
		CFB6D3FF23749325005B3C9F /* Marking_Itus.ino in Resources */ = {isa = PBXBuildFile; fileRef = CFB6D3FE23749325005B3C9F /* Marking_Itus.ino */; };
/* End PBXBuildFile section */

/* Begin PBXFileReference section */
		0FBC09C910C9D54E6B10D203 /* Pods-MarkingItus.release.xcconfig */ = {isa = PBXFileReference; includeInIndex = 1; lastKnownFileType = text.xcconfig; name = "Pods-MarkingItus.release.xcconfig"; path = "Target Support Files/Pods-MarkingItus/Pods-MarkingItus.release.xcconfig"; sourceTree = "<group>"; };
		7AD22DB19A8B5A0B3E54E3CA /* Pods-MarkingItus.debug.xcconfig */ = {isa = PBXFileReference; includeInIndex = 1; lastKnownFileType = text.xcconfig; name = "Pods-MarkingItus.debug.xcconfig"; path = "Target Support Files/Pods-MarkingItus/Pods-MarkingItus.debug.xcconfig"; sourceTree = "<group>"; };
		CFB6D3E7237470A3005B3C9F /* MarkingItus.app */ = {isa = PBXFileReference; explicitFileType = wrapper.application; includeInIndex = 0; path = MarkingItus.app; sourceTree = BUILT_PRODUCTS_DIR; };
		CFB6D3EA237470A3005B3C9F /* AppDelegate.swift */ = {isa = PBXFileReference; lastKnownFileType = sourcecode.swift; path = AppDelegate.swift; sourceTree = "<group>"; };
		CFB6D3EC237470A3005B3C9F /* SceneDelegate.swift */ = {isa = PBXFileReference; lastKnownFileType = sourcecode.swift; path = SceneDelegate.swift; sourceTree = "<group>"; };
		CFB6D3EE237470A3005B3C9F /* ViewController.swift */ = {isa = PBXFileReference; lastKnownFileType = sourcecode.swift; path = ViewController.swift; sourceTree = "<group>"; };
		CFB6D3F1237470A3005B3C9F /* Base */ = {isa = PBXFileReference; lastKnownFileType = file.storyboard; name = Base; path = Base.lproj/Main.storyboard; sourceTree = "<group>"; };
		CFB6D3F3237470AB005B3C9F /* Assets.xcassets */ = {isa = PBXFileReference; lastKnownFileType = folder.assetcatalog; path = Assets.xcassets; sourceTree = "<group>"; };
		CFB6D3F6237470AB005B3C9F /* Base */ = {isa = PBXFileReference; lastKnownFileType = file.storyboard; name = Base; path = Base.lproj/LaunchScreen.storyboard; sourceTree = "<group>"; };
		CFB6D3F8237470AB005B3C9F /* Info.plist */ = {isa = PBXFileReference; lastKnownFileType = text.plist.xml; path = Info.plist; sourceTree = "<group>"; };
		CFB6D3FE23749325005B3C9F /* Marking_Itus.ino */ = {isa = PBXFileReference; lastKnownFileType = text; path = Marking_Itus.ino; sourceTree = "<group>"; };
		EE45D8F10CF3A7970A2E5FA1 /* Pods_MarkingItus.framework */ = {isa = PBXFileReference; explicitFileType = wrapper.framework; includeInIndex = 0; path = Pods_MarkingItus.framework; sourceTree = BUILT_PRODUCTS_DIR; };
/* End PBXFileReference section */

/* Begin PBXFrameworksBuildPhase section */
		CFB6D3E4237470A3005B3C9F /* Frameworks */ = {
			isa = PBXFrameworksBuildPhase;
			buildActionMask = 2147483647;
			files = (
				09B526F47D2C7246A3B6DC8E /* Pods_MarkingItus.framework in Frameworks */,
			);
			runOnlyForDeploymentPostprocessing = 0;
		};
/* End PBXFrameworksBuildPhase section */

/* Begin PBXGroup section */
		0DFF20B8BD48B7209CD4E800 /* Pods */ = {
			isa = PBXGroup;
			children = (
				7AD22DB19A8B5A0B3E54E3CA /* Pods-MarkingItus.debug.xcconfig */,
				0FBC09C910C9D54E6B10D203 /* Pods-MarkingItus.release.xcconfig */,
			);
			path = Pods;
			sourceTree = "<group>";
		};
		327BCFC00212748FA7837AAD /* Frameworks */ = {
			isa = PBXGroup;
			children = (
				EE45D8F10CF3A7970A2E5FA1 /* Pods_MarkingItus.framework */,
			);
			name = Frameworks;
			sourceTree = "<group>";
		};
		CFB6D3DE237470A3005B3C9F = {
			isa = PBXGroup;
			children = (
				CFB6D3E9237470A3005B3C9F /* MarkingItus */,
				CFB6D3E8237470A3005B3C9F /* Products */,
				0DFF20B8BD48B7209CD4E800 /* Pods */,
				327BCFC00212748FA7837AAD /* Frameworks */,
			);
			sourceTree = "<group>";
		};
		CFB6D3E8237470A3005B3C9F /* Products */ = {
			isa = PBXGroup;
			children = (
				CFB6D3E7237470A3005B3C9F /* MarkingItus.app */,
			);
			name = Products;
			sourceTree = "<group>";
		};
		CFB6D3E9237470A3005B3C9F /* MarkingItus */ = {
			isa = PBXGroup;
			children = (
				CFB6D3EA237470A3005B3C9F /* AppDelegate.swift */,
				CFB6D3EC237470A3005B3C9F /* SceneDelegate.swift */,
				CFB6D3EE237470A3005B3C9F /* ViewController.swift */,
				CFB6D3F0237470A3005B3C9F /* Main.storyboard */,
				CFB6D3F3237470AB005B3C9F /* Assets.xcassets */,
				CFB6D3F5237470AB005B3C9F /* LaunchScreen.storyboard */,
				CFB6D3F8237470AB005B3C9F /* Info.plist */,
				CFB6D3FE23749325005B3C9F /* Marking_Itus.ino */,
			);
			path = MarkingItus;
			sourceTree = "<group>";
		};
/* End PBXGroup section */

/* Begin PBXNativeTarget section */
		CFB6D3E6237470A3005B3C9F /* MarkingItus */ = {
			isa = PBXNativeTarget;
			buildConfigurationList = CFB6D3FB237470AB005B3C9F /* Build configuration list for PBXNativeTarget "MarkingItus" */;
			buildPhases = (
				13354B05482D1E09A7B45F1B /* [CP] Check Pods Manifest.lock */,
				CFB6D3E3237470A3005B3C9F /* Sources */,
				CFB6D3E4237470A3005B3C9F /* Frameworks */,
				CFB6D3E5237470A3005B3C9F /* Resources */,
				22D42389D77735598DD6C15B /* [CP] Embed Pods Frameworks */,
			);
			buildRules = (
			);
			dependencies = (
			);
			name = MarkingItus;
			productName = MarkingItus;
			productReference = CFB6D3E7237470A3005B3C9F /* MarkingItus.app */;
			productType = "com.apple.product-type.application";
		};
/* End PBXNativeTarget section */

/* Begin PBXProject section */
		CFB6D3DF237470A3005B3C9F /* Project object */ = {
			isa = PBXProject;
			attributes = {
				LastSwiftUpdateCheck = 1110;
				LastUpgradeCheck = 1110;
				ORGANIZATIONNAME = "Uppalapati SivaPrrasad";
				TargetAttributes = {
					CFB6D3E6237470A3005B3C9F = {
						CreatedOnToolsVersion = 11.1;
					};
				};
			};
			buildConfigurationList = CFB6D3E2237470A3005B3C9F /* Build configuration list for PBXProject "MarkingItus" */;
			compatibilityVersion = "Xcode 9.3";
			developmentRegion = en;
			hasScannedForEncodings = 0;
			knownRegions = (
				en,
				Base,
			);
			mainGroup = CFB6D3DE237470A3005B3C9F;
			productRefGroup = CFB6D3E8237470A3005B3C9F /* Products */;
			projectDirPath = "";
			projectRoot = "";
			targets = (
				CFB6D3E6237470A3005B3C9F /* MarkingItus */,
			);
		};
/* End PBXProject section */

/* Begin PBXResourcesBuildPhase section */
		CFB6D3E5237470A3005B3C9F /* Resources */ = {
			isa = PBXResourcesBuildPhase;
			buildActionMask = 2147483647;
			files = (
				CFB6D3F7237470AB005B3C9F /* LaunchScreen.storyboard in Resources */,
				CFB6D3FF23749325005B3C9F /* Marking_Itus.ino in Resources */,
				CFB6D3F4237470AB005B3C9F /* Assets.xcassets in Resources */,
				CFB6D3F2237470A3005B3C9F /* Main.storyboard in Resources */,
			);
			runOnlyForDeploymentPostprocessing = 0;
		};
/* End PBXResourcesBuildPhase section */

/* Begin PBXShellScriptBuildPhase section */
		13354B05482D1E09A7B45F1B /* [CP] Check Pods Manifest.lock */ = {
			isa = PBXShellScriptBuildPhase;
			buildActionMask = 2147483647;
			files = (
			);
			inputFileListPaths = (
			);
			inputPaths = (
				"${PODS_PODFILE_DIR_PATH}/Podfile.lock",
				"${PODS_ROOT}/Manifest.lock",
			);
			name = "[CP] Check Pods Manifest.lock";
			outputFileListPaths = (
			);
			outputPaths = (
				"$(DERIVED_FILE_DIR)/Pods-MarkingItus-checkManifestLockResult.txt",
			);
			runOnlyForDeploymentPostprocessing = 0;
			shellPath = /bin/sh;
			shellScript = "diff \"${PODS_PODFILE_DIR_PATH}/Podfile.lock\" \"${PODS_ROOT}/Manifest.lock\" > /dev/null\nif [ $? != 0 ] ; then\n    # print error to STDERR\n    echo \"error: The sandbox is not in sync with the Podfile.lock. Run 'pod install' or update your CocoaPods installation.\" >&2\n    exit 1\nfi\n# This output is used by Xcode 'outputs' to avoid re-running this script phase.\necho \"SUCCESS\" > \"${SCRIPT_OUTPUT_FILE_0}\"\n";
			showEnvVarsInLog = 0;
		};
		22D42389D77735598DD6C15B /* [CP] Embed Pods Frameworks */ = {
			isa = PBXShellScriptBuildPhase;
			buildActionMask = 2147483647;
			files = (
			);
			inputFileListPaths = (
				"${PODS_ROOT}/Target Support Files/Pods-MarkingItus/Pods-MarkingItus-frameworks-${CONFIGURATION}-input-files.xcfilelist",
			);
			name = "[CP] Embed Pods Frameworks";
			outputFileListPaths = (
				"${PODS_ROOT}/Target Support Files/Pods-MarkingItus/Pods-MarkingItus-frameworks-${CONFIGURATION}-output-files.xcfilelist",
			);
			runOnlyForDeploymentPostprocessing = 0;
			shellPath = /bin/sh;
			shellScript = "\"${PODS_ROOT}/Target Support Files/Pods-MarkingItus/Pods-MarkingItus-frameworks.sh\"\n";
			showEnvVarsInLog = 0;
		};
/* End PBXShellScriptBuildPhase section */

/* Begin PBXSourcesBuildPhase section */
		CFB6D3E3237470A3005B3C9F /* Sources */ = {
			isa = PBXSourcesBuildPhase;
			buildActionMask = 2147483647;
			files = (
				CFB6D3EF237470A3005B3C9F /* ViewController.swift in Sources */,
				CFB6D3EB237470A3005B3C9F /* AppDelegate.swift in Sources */,
				CFB6D3ED237470A3005B3C9F /* SceneDelegate.swift in Sources */,
			);
			runOnlyForDeploymentPostprocessing = 0;
		};
/* End PBXSourcesBuildPhase section */

/* Begin PBXVariantGroup section */
		CFB6D3F0237470A3005B3C9F /* Main.storyboard */ = {
			isa = PBXVariantGroup;
			children = (
				CFB6D3F1237470A3005B3C9F /* Base */,
			);
			name = Main.storyboard;
			sourceTree = "<group>";
		};
		CFB6D3F5237470AB005B3C9F /* LaunchScreen.storyboard */ = {
			isa = PBXVariantGroup;
			children = (
				CFB6D3F6237470AB005B3C9F /* Base */,
			);
			name = LaunchScreen.storyboard;
			sourceTree = "<group>";
		};
/* End PBXVariantGroup section */

/* Begin XCBuildConfiguration section */
		CFB6D3F9237470AB005B3C9F /* Debug */ = {
			isa = XCBuildConfiguration;
			buildSettings = {
				ALWAYS_SEARCH_USER_PATHS = NO;
				CLANG_ANALYZER_NONNULL = YES;
				CLANG_ANALYZER_NUMBER_OBJECT_CONVERSION = YES_AGGRESSIVE;
				CLANG_CXX_LANGUAGE_STANDARD = "gnu++14";
				CLANG_CXX_LIBRARY = "libc++";
				CLANG_ENABLE_MODULES = YES;
				CLANG_ENABLE_OBJC_ARC = YES;
				CLANG_ENABLE_OBJC_WEAK = YES;
				CLANG_WARN_BLOCK_CAPTURE_AUTORELEASING = YES;
				CLANG_WARN_BOOL_CONVERSION = YES;
				CLANG_WARN_COMMA = YES;
				CLANG_WARN_CONSTANT_CONVERSION = YES;
				CLANG_WARN_DEPRECATED_OBJC_IMPLEMENTATIONS = YES;
				CLANG_WARN_DIRECT_OBJC_ISA_USAGE = YES_ERROR;
				CLANG_WARN_DOCUMENTATION_COMMENTS = YES;
				CLANG_WARN_EMPTY_BODY = YES;
				CLANG_WARN_ENUM_CONVERSION = YES;
				CLANG_WARN_INFINITE_RECURSION = YES;
				CLANG_WARN_INT_CONVERSION = YES;
				CLANG_WARN_NON_LITERAL_NULL_CONVERSION = YES;
				CLANG_WARN_OBJC_IMPLICIT_RETAIN_SELF = YES;
				CLANG_WARN_OBJC_LITERAL_CONVERSION = YES;
				CLANG_WARN_OBJC_ROOT_CLASS = YES_ERROR;
				CLANG_WARN_RANGE_LOOP_ANALYSIS = YES;
				CLANG_WARN_STRICT_PROTOTYPES = YES;
				CLANG_WARN_SUSPICIOUS_MOVE = YES;
				CLANG_WARN_UNGUARDED_AVAILABILITY = YES_AGGRESSIVE;
				CLANG_WARN_UNREACHABLE_CODE = YES;
				CLANG_WARN__DUPLICATE_METHOD_MATCH = YES;
				COPY_PHASE_STRIP = NO;
				DEBUG_INFORMATION_FORMAT = dwarf;
				ENABLE_STRICT_OBJC_MSGSEND = YES;
				ENABLE_TESTABILITY = YES;
				GCC_C_LANGUAGE_STANDARD = gnu11;
				GCC_DYNAMIC_NO_PIC = NO;
				GCC_NO_COMMON_BLOCKS = YES;
				GCC_OPTIMIZATION_LEVEL = 0;
				GCC_PREPROCESSOR_DEFINITIONS = (
					"DEBUG=1",
					"$(inherited)",
				);
				GCC_WARN_64_TO_32_BIT_CONVERSION = YES;
				GCC_WARN_ABOUT_RETURN_TYPE = YES_ERROR;
				GCC_WARN_UNDECLARED_SELECTOR = YES;
				GCC_WARN_UNINITIALIZED_AUTOS = YES_AGGRESSIVE;
				GCC_WARN_UNUSED_FUNCTION = YES;
				GCC_WARN_UNUSED_VARIABLE = YES;
				IPHONEOS_DEPLOYMENT_TARGET = 13.1;
				MTL_ENABLE_DEBUG_INFO = INCLUDE_SOURCE;
				MTL_FAST_MATH = YES;
				ONLY_ACTIVE_ARCH = YES;
				SDKROOT = iphoneos;
				SWIFT_ACTIVE_COMPILATION_CONDITIONS = DEBUG;
				SWIFT_OPTIMIZATION_LEVEL = "-Onone";
			};
			name = Debug;
		};
		CFB6D3FA237470AB005B3C9F /* Release */ = {
			isa = XCBuildConfiguration;
			buildSettings = {
				ALWAYS_SEARCH_USER_PATHS = NO;
				CLANG_ANALYZER_NONNULL = YES;
				CLANG_ANALYZER_NUMBER_OBJECT_CONVERSION = YES_AGGRESSIVE;
				CLANG_CXX_LANGUAGE_STANDARD = "gnu++14";
				CLANG_CXX_LIBRARY = "libc++";
				CLANG_ENABLE_MODULES = YES;
				CLANG_ENABLE_OBJC_ARC = YES;
				CLANG_ENABLE_OBJC_WEAK = YES;
				CLANG_WARN_BLOCK_CAPTURE_AUTORELEASING = YES;
				CLANG_WARN_BOOL_CONVERSION = YES;
				CLANG_WARN_COMMA = YES;
				CLANG_WARN_CONSTANT_CONVERSION = YES;
				CLANG_WARN_DEPRECATED_OBJC_IMPLEMENTATIONS = YES;
				CLANG_WARN_DIRECT_OBJC_ISA_USAGE = YES_ERROR;
				CLANG_WARN_DOCUMENTATION_COMMENTS = YES;
				CLANG_WARN_EMPTY_BODY = YES;
				CLANG_WARN_ENUM_CONVERSION = YES;
				CLANG_WARN_INFINITE_RECURSION = YES;
				CLANG_WARN_INT_CONVERSION = YES;
				CLANG_WARN_NON_LITERAL_NULL_CONVERSION = YES;
				CLANG_WARN_OBJC_IMPLICIT_RETAIN_SELF = YES;
				CLANG_WARN_OBJC_LITERAL_CONVERSION = YES;
				CLANG_WARN_OBJC_ROOT_CLASS = YES_ERROR;
				CLANG_WARN_RANGE_LOOP_ANALYSIS = YES;
				CLANG_WARN_STRICT_PROTOTYPES = YES;
				CLANG_WARN_SUSPICIOUS_MOVE = YES;
				CLANG_WARN_UNGUARDED_AVAILABILITY = YES_AGGRESSIVE;
				CLANG_WARN_UNREACHABLE_CODE = YES;
				CLANG_WARN__DUPLICATE_METHOD_MATCH = YES;
				COPY_PHASE_STRIP = NO;
				DEBUG_INFORMATION_FORMAT = "dwarf-with-dsym";
				ENABLE_NS_ASSERTIONS = NO;
				ENABLE_STRICT_OBJC_MSGSEND = YES;
				GCC_C_LANGUAGE_STANDARD = gnu11;
				GCC_NO_COMMON_BLOCKS = YES;
				GCC_WARN_64_TO_32_BIT_CONVERSION = YES;
				GCC_WARN_ABOUT_RETURN_TYPE = YES_ERROR;
				GCC_WARN_UNDECLARED_SELECTOR = YES;
				GCC_WARN_UNINITIALIZED_AUTOS = YES_AGGRESSIVE;
				GCC_WARN_UNUSED_FUNCTION = YES;
				GCC_WARN_UNUSED_VARIABLE = YES;
				IPHONEOS_DEPLOYMENT_TARGET = 13.1;
				MTL_ENABLE_DEBUG_INFO = NO;
				MTL_FAST_MATH = YES;
				SDKROOT = iphoneos;
				SWIFT_COMPILATION_MODE = wholemodule;
				SWIFT_OPTIMIZATION_LEVEL = "-O";
				VALIDATE_PRODUCT = YES;
			};
			name = Release;
		};
		CFB6D3FC237470AB005B3C9F /* Debug */ = {
			isa = XCBuildConfiguration;
			baseConfigurationReference = 7AD22DB19A8B5A0B3E54E3CA /* Pods-MarkingItus.debug.xcconfig */;
			buildSettings = {
				ASSETCATALOG_COMPILER_APPICON_NAME = AppIcon;
				CODE_SIGN_STYLE = Automatic;
				DEVELOPMENT_TEAM = 56VDVF9L2D;
				INFOPLIST_FILE = MarkingItus/Info.plist;
				LD_RUNPATH_SEARCH_PATHS = (
					"$(inherited)",
					"@executable_path/Frameworks",
				);
				PRODUCT_BUNDLE_IDENTIFIER = com.iOSFundamentals.MADT.MarkingItus;
				PRODUCT_NAME = "$(TARGET_NAME)";
				SWIFT_VERSION = 5.0;
				TARGETED_DEVICE_FAMILY = "1,2";
			};
			name = Debug;
		};
		CFB6D3FD237470AB005B3C9F /* Release */ = {
			isa = XCBuildConfiguration;
			baseConfigurationReference = 0FBC09C910C9D54E6B10D203 /* Pods-MarkingItus.release.xcconfig */;
			buildSettings = {
				ASSETCATALOG_COMPILER_APPICON_NAME = AppIcon;
				CODE_SIGN_STYLE = Automatic;
				DEVELOPMENT_TEAM = 56VDVF9L2D;
				INFOPLIST_FILE = MarkingItus/Info.plist;
				LD_RUNPATH_SEARCH_PATHS = (
					"$(inherited)",
					"@executable_path/Frameworks",
				);
				PRODUCT_BUNDLE_IDENTIFIER = com.iOSFundamentals.MADT.MarkingItus;
				PRODUCT_NAME = "$(TARGET_NAME)";
				SWIFT_VERSION = 5.0;
				TARGETED_DEVICE_FAMILY = "1,2";
			};
			name = Release;
		};
/* End XCBuildConfiguration section */

/* Begin XCConfigurationList section */
		CFB6D3E2237470A3005B3C9F /* Build configuration list for PBXProject "MarkingItus" */ = {
			isa = XCConfigurationList;
			buildConfigurations = (
				CFB6D3F9237470AB005B3C9F /* Debug */,
				CFB6D3FA237470AB005B3C9F /* Release */,
			);
			defaultConfigurationIsVisible = 0;
			defaultConfigurationName = Release;
		};
		CFB6D3FB237470AB005B3C9F /* Build configuration list for PBXNativeTarget "MarkingItus" */ = {
			isa = XCConfigurationList;
			buildConfigurations = (
				CFB6D3FC237470AB005B3C9F /* Debug */,
				CFB6D3FD237470AB005B3C9F /* Release */,
			);
			defaultConfigurationIsVisible = 0;
			defaultConfigurationName = Release;
		};
/* End XCConfigurationList section */
	};
	rootObject = CFB6D3DF237470A3005B3C9F /* Project object */;
}
